
Microsoft Visual Studio Solution File, Format Version 12.00
# Visual Studio 2015
Project("{FAE04EC0-301F-11D3-BF4B-00C04F79EFBC}") = "pacman tw.CSharp", "pacman tw.CSharp.csproj", "{2974D7D5-243C-1437-0FBF-B43DD8BCD8C9}"
EndProject
Project("{FAE04EC0-301F-11D3-BF4B-00C04F79EFBC}") = "pacman tw.CSharp.Editor", "pacman tw.CSharp.Editor.csproj", "{9734948B-5989-AB9E-5CDB-842A0EE6BAAB}"
EndProject
Global
	GlobalSection(SolutionConfigurationPlatforms) = preSolution
		Debug|Any CPU = Debug|Any CPU
		Release|Any CPU = Release|Any CPU
	EndGlobalSection
	GlobalSection(ProjectConfigurationPlatforms) = postSolution
		{2974D7D5-243C-1437-0FBF-B43DD8BCD8C9}.Debug|Any CPU.ActiveCfg = Debug|Any CPU
		{2974D7D5-243C-1437-0FBF-B43DD8BCD8C9}.Debug|Any CPU.Build.0 = Debug|Any CPU
		{2974D7D5-243C-1437-0FBF-B43DD8BCD8C9}.Release|Any CPU.ActiveCfg = Release|Any CPU
		{2974D7D5-243C-1437-0FBF-B43DD8BCD8C9}.Release|Any CPU.Build.0 = Release|Any CPU
		{9734948B-5989-AB9E-5CDB-842A0EE6BAAB}.Debug|Any CPU.ActiveCfg = Debug|Any CPU
		{9734948B-5989-AB9E-5CDB-842A0EE6BAAB}.Debug|Any CPU.Build.0 = Debug|Any CPU
		{9734948B-5989-AB9E-5CDB-842A0EE6BAAB}.Release|Any CPU.ActiveCfg = Release|Any CPU
		{9734948B-5989-AB9E-5CDB-842A0EE6BAAB}.Release|Any CPU.Build.0 = Release|Any CPU
	EndGlobalSection
	GlobalSection(SolutionProperties) = preSolution
		HideSolutionNode = FALSE
	EndGlobalSection
EndGlobal
